
Microsoft Visual Studio Solution File, Format Version 12.00
# Visual Studio 15
VisualStudioVersion = 15.0.28307.705
MinimumVisualStudioVersion = 10.0.40219.1
Project("{FAE04EC0-301F-11D3-BF4B-00C04F79EFBC}") = "QudraticEquationUnitTest", "QudraticEquationUnitTest\QudraticEquationUnitTest.csproj", "{4690DE18-4881-4B80-AD9A-9903F3EB779F}"
EndProject
Project("{FAE04EC0-301F-11D3-BF4B-00C04F79EFBC}") = "QudraticEquationUnitTestTests", "QudraticEquationUnitTestTests\QudraticEquationUnitTestTests.csproj", "{1C669421-FDCE-43F9-90F9-F525D8E27595}"
EndProject
Global
	GlobalSection(SolutionConfigurationPlatforms) = preSolution
		Debug|Any CPU = Debug|Any CPU
		Release|Any CPU = Release|Any CPU
	EndGlobalSection
	GlobalSection(ProjectConfigurationPlatforms) = postSolution
		{4690DE18-4881-4B80-AD9A-9903F3EB779F}.Debug|Any CPU.ActiveCfg = Debug|Any CPU
		{4690DE18-4881-4B80-AD9A-9903F3EB779F}.Debug|Any CPU.Build.0 = Debug|Any CPU
		{4690DE18-4881-4B80-AD9A-9903F3EB779F}.Release|Any CPU.ActiveCfg = Release|Any CPU
		{4690DE18-4881-4B80-AD9A-9903F3EB779F}.Release|Any CPU.Build.0 = Release|Any CPU
		{1C669421-FDCE-43F9-90F9-F525D8E27595}.Debug|Any CPU.ActiveCfg = Debug|Any CPU
		{1C669421-FDCE-43F9-90F9-F525D8E27595}.Debug|Any CPU.Build.0 = Debug|Any CPU
		{1C669421-FDCE-43F9-90F9-F525D8E27595}.Release|Any CPU.ActiveCfg = Release|Any CPU
		{1C669421-FDCE-43F9-90F9-F525D8E27595}.Release|Any CPU.Build.0 = Release|Any CPU
	EndGlobalSection
	GlobalSection(SolutionProperties) = preSolution
		HideSolutionNode = FALSE
	EndGlobalSection
	GlobalSection(ExtensibilityGlobals) = postSolution
		SolutionGuid = {EC5EBE5B-70A7-435C-810E-EEED9AB29706}
	EndGlobalSection
EndGlobal
