
Microsoft Visual Studio Solution File, Format Version 12.00
# Visual Studio 15
VisualStudioVersion = 15.0.28307.705
MinimumVisualStudioVersion = 10.0.40219.1
Project("{FAE04EC0-301F-11D3-BF4B-00C04F79EFBC}") = "MathHelper", "MathHelper\MathHelper.csproj", "{383DEB93-5853-4450-8FD9-AA7DC511DD41}"
EndProject
Project("{FAE04EC0-301F-11D3-BF4B-00C04F79EFBC}") = "MathHelperTests", "MathHelperTests\MathHelperTests.csproj", "{F9D312DD-EF75-4606-B66D-F25BBFB44350}"
EndProject
Global
	GlobalSection(SolutionConfigurationPlatforms) = preSolution
		Debug|Any CPU = Debug|Any CPU
		Release|Any CPU = Release|Any CPU
	EndGlobalSection
	GlobalSection(ProjectConfigurationPlatforms) = postSolution
		{383DEB93-5853-4450-8FD9-AA7DC511DD41}.Debug|Any CPU.ActiveCfg = Debug|Any CPU
		{383DEB93-5853-4450-8FD9-AA7DC511DD41}.Debug|Any CPU.Build.0 = Debug|Any CPU
		{383DEB93-5853-4450-8FD9-AA7DC511DD41}.Release|Any CPU.ActiveCfg = Release|Any CPU
		{383DEB93-5853-4450-8FD9-AA7DC511DD41}.Release|Any CPU.Build.0 = Release|Any CPU
		{F9D312DD-EF75-4606-B66D-F25BBFB44350}.Debug|Any CPU.ActiveCfg = Debug|Any CPU
		{F9D312DD-EF75-4606-B66D-F25BBFB44350}.Debug|Any CPU.Build.0 = Debug|Any CPU
		{F9D312DD-EF75-4606-B66D-F25BBFB44350}.Release|Any CPU.ActiveCfg = Release|Any CPU
		{F9D312DD-EF75-4606-B66D-F25BBFB44350}.Release|Any CPU.Build.0 = Release|Any CPU
	EndGlobalSection
	GlobalSection(SolutionProperties) = preSolution
		HideSolutionNode = FALSE
	EndGlobalSection
	GlobalSection(ExtensibilityGlobals) = postSolution
		SolutionGuid = {08963072-532E-417D-A79C-C89C2230A55D}
	EndGlobalSection
EndGlobal
