
Microsoft Visual Studio Solution File, Format Version 12.00
# Visual Studio 15
VisualStudioVersion = 15.0.28307.539
MinimumVisualStudioVersion = 10.0.40219.1
Project("{FAE04EC0-301F-11D3-BF4B-00C04F79EFBC}") = "MathHelpLib", "MathHelpLib\MathHelpLib.csproj", "{908B1577-D9FB-4F2E-A24A-134563ABBF95}"
EndProject
Project("{FAE04EC0-301F-11D3-BF4B-00C04F79EFBC}") = "MathHelperLibTests", "MathHelperLibTests\MathHelperLibTests.csproj", "{E2BA5AA0-6B69-4052-A641-5A9EBE9A858D}"
EndProject
Project("{FAE04EC0-301F-11D3-BF4B-00C04F79EFBC}") = "MathCalc_", "MathCalc_\MathCalc_.csproj", "{2B9DDCA5-FEB9-4788-B625-F85AE4786C2A}"
EndProject
Global
	GlobalSection(SolutionConfigurationPlatforms) = preSolution
		Debug|Any CPU = Debug|Any CPU
		Release|Any CPU = Release|Any CPU
	EndGlobalSection
	GlobalSection(ProjectConfigurationPlatforms) = postSolution
		{908B1577-D9FB-4F2E-A24A-134563ABBF95}.Debug|Any CPU.ActiveCfg = Debug|Any CPU
		{908B1577-D9FB-4F2E-A24A-134563ABBF95}.Debug|Any CPU.Build.0 = Debug|Any CPU
		{908B1577-D9FB-4F2E-A24A-134563ABBF95}.Release|Any CPU.ActiveCfg = Release|Any CPU
		{908B1577-D9FB-4F2E-A24A-134563ABBF95}.Release|Any CPU.Build.0 = Release|Any CPU
		{E2BA5AA0-6B69-4052-A641-5A9EBE9A858D}.Debug|Any CPU.ActiveCfg = Debug|Any CPU
		{E2BA5AA0-6B69-4052-A641-5A9EBE9A858D}.Debug|Any CPU.Build.0 = Debug|Any CPU
		{E2BA5AA0-6B69-4052-A641-5A9EBE9A858D}.Release|Any CPU.ActiveCfg = Release|Any CPU
		{E2BA5AA0-6B69-4052-A641-5A9EBE9A858D}.Release|Any CPU.Build.0 = Release|Any CPU
		{2B9DDCA5-FEB9-4788-B625-F85AE4786C2A}.Debug|Any CPU.ActiveCfg = Debug|Any CPU
		{2B9DDCA5-FEB9-4788-B625-F85AE4786C2A}.Debug|Any CPU.Build.0 = Debug|Any CPU
		{2B9DDCA5-FEB9-4788-B625-F85AE4786C2A}.Release|Any CPU.ActiveCfg = Release|Any CPU
		{2B9DDCA5-FEB9-4788-B625-F85AE4786C2A}.Release|Any CPU.Build.0 = Release|Any CPU
	EndGlobalSection
	GlobalSection(SolutionProperties) = preSolution
		HideSolutionNode = FALSE
	EndGlobalSection
	GlobalSection(ExtensibilityGlobals) = postSolution
		SolutionGuid = {BBD6760D-A79C-4E3F-96AB-286D9352BA0E}
	EndGlobalSection
EndGlobal
