
Microsoft Visual Studio Solution File, Format Version 12.00
# Visual Studio 15
VisualStudioVersion = 15.0.28307.539
MinimumVisualStudioVersion = 10.0.40219.1
Project("{FAE04EC0-301F-11D3-BF4B-00C04F79EFBC}") = "MathHelper", "MathHelper\MathHelper.csproj", "{7E9DCF91-BB53-4236-90ED-4E4F57B35343}"
EndProject
Project("{FAE04EC0-301F-11D3-BF4B-00C04F79EFBC}") = "MathHelperTests", "MathHelperTests\MathHelperTests.csproj", "{D3332966-5317-438A-8F90-BD16CCAF98CB}"
EndProject
Global
	GlobalSection(SolutionConfigurationPlatforms) = preSolution
		Debug|Any CPU = Debug|Any CPU
		Release|Any CPU = Release|Any CPU
	EndGlobalSection
	GlobalSection(ProjectConfigurationPlatforms) = postSolution
		{7E9DCF91-BB53-4236-90ED-4E4F57B35343}.Debug|Any CPU.ActiveCfg = Debug|Any CPU
		{7E9DCF91-BB53-4236-90ED-4E4F57B35343}.Debug|Any CPU.Build.0 = Debug|Any CPU
		{7E9DCF91-BB53-4236-90ED-4E4F57B35343}.Release|Any CPU.ActiveCfg = Release|Any CPU
		{7E9DCF91-BB53-4236-90ED-4E4F57B35343}.Release|Any CPU.Build.0 = Release|Any CPU
		{D3332966-5317-438A-8F90-BD16CCAF98CB}.Debug|Any CPU.ActiveCfg = Debug|Any CPU
		{D3332966-5317-438A-8F90-BD16CCAF98CB}.Debug|Any CPU.Build.0 = Debug|Any CPU
		{D3332966-5317-438A-8F90-BD16CCAF98CB}.Release|Any CPU.ActiveCfg = Release|Any CPU
		{D3332966-5317-438A-8F90-BD16CCAF98CB}.Release|Any CPU.Build.0 = Release|Any CPU
	EndGlobalSection
	GlobalSection(SolutionProperties) = preSolution
		HideSolutionNode = FALSE
	EndGlobalSection
	GlobalSection(ExtensibilityGlobals) = postSolution
		SolutionGuid = {47F3E366-FE04-4A68-A602-4B09AA740D9A}
	EndGlobalSection
EndGlobal
